
Microsoft Visual Studio Solution File, Format Version 12.00
# Visual Studio 15
VisualStudioVersion = 15.0.26124.0
MinimumVisualStudioVersion = 15.0.26124.0
Project("{FAE04EC0-301F-11D3-BF4B-00C04F79EFBC}") = "Unity.AOP", "Unity.AOP\Unity.AOP.csproj", "{AC421051-6ECC-4C93-9B4C-DA602DF0B849}"
EndProject
Project("{FAE04EC0-301F-11D3-BF4B-00C04F79EFBC}") = "Unity.AOP.Tests", "Unity.AOP.Tests\Unity.AOP.Tests.csproj", "{E0BE05ED-CA2F-4DEF-BA3B-93C0832C2797}"
EndProject
Global
	GlobalSection(SolutionConfigurationPlatforms) = preSolution
		Debug|Any CPU = Debug|Any CPU
		Debug|x64 = Debug|x64
		Debug|x86 = Debug|x86
		Release|Any CPU = Release|Any CPU
		Release|x64 = Release|x64
		Release|x86 = Release|x86
	EndGlobalSection
	GlobalSection(SolutionProperties) = preSolution
		HideSolutionNode = FALSE
	EndGlobalSection
	GlobalSection(ProjectConfigurationPlatforms) = postSolution
		{AC421051-6ECC-4C93-9B4C-DA602DF0B849}.Debug|Any CPU.ActiveCfg = Debug|Any CPU
		{AC421051-6ECC-4C93-9B4C-DA602DF0B849}.Debug|Any CPU.Build.0 = Debug|Any CPU
		{AC421051-6ECC-4C93-9B4C-DA602DF0B849}.Debug|x64.ActiveCfg = Debug|Any CPU
		{AC421051-6ECC-4C93-9B4C-DA602DF0B849}.Debug|x64.Build.0 = Debug|Any CPU
		{AC421051-6ECC-4C93-9B4C-DA602DF0B849}.Debug|x86.ActiveCfg = Debug|Any CPU
		{AC421051-6ECC-4C93-9B4C-DA602DF0B849}.Debug|x86.Build.0 = Debug|Any CPU
		{AC421051-6ECC-4C93-9B4C-DA602DF0B849}.Release|Any CPU.ActiveCfg = Release|Any CPU
		{AC421051-6ECC-4C93-9B4C-DA602DF0B849}.Release|Any CPU.Build.0 = Release|Any CPU
		{AC421051-6ECC-4C93-9B4C-DA602DF0B849}.Release|x64.ActiveCfg = Release|Any CPU
		{AC421051-6ECC-4C93-9B4C-DA602DF0B849}.Release|x64.Build.0 = Release|Any CPU
		{AC421051-6ECC-4C93-9B4C-DA602DF0B849}.Release|x86.ActiveCfg = Release|Any CPU
		{AC421051-6ECC-4C93-9B4C-DA602DF0B849}.Release|x86.Build.0 = Release|Any CPU
		{E0BE05ED-CA2F-4DEF-BA3B-93C0832C2797}.Debug|Any CPU.ActiveCfg = Debug|Any CPU
		{E0BE05ED-CA2F-4DEF-BA3B-93C0832C2797}.Debug|Any CPU.Build.0 = Debug|Any CPU
		{E0BE05ED-CA2F-4DEF-BA3B-93C0832C2797}.Debug|x64.ActiveCfg = Debug|Any CPU
		{E0BE05ED-CA2F-4DEF-BA3B-93C0832C2797}.Debug|x64.Build.0 = Debug|Any CPU
		{E0BE05ED-CA2F-4DEF-BA3B-93C0832C2797}.Debug|x86.ActiveCfg = Debug|Any CPU
		{E0BE05ED-CA2F-4DEF-BA3B-93C0832C2797}.Debug|x86.Build.0 = Debug|Any CPU
		{E0BE05ED-CA2F-4DEF-BA3B-93C0832C2797}.Release|Any CPU.ActiveCfg = Release|Any CPU
		{E0BE05ED-CA2F-4DEF-BA3B-93C0832C2797}.Release|Any CPU.Build.0 = Release|Any CPU
		{E0BE05ED-CA2F-4DEF-BA3B-93C0832C2797}.Release|x64.ActiveCfg = Release|Any CPU
		{E0BE05ED-CA2F-4DEF-BA3B-93C0832C2797}.Release|x64.Build.0 = Release|Any CPU
		{E0BE05ED-CA2F-4DEF-BA3B-93C0832C2797}.Release|x86.ActiveCfg = Release|Any CPU
		{E0BE05ED-CA2F-4DEF-BA3B-93C0832C2797}.Release|x86.Build.0 = Release|Any CPU
	EndGlobalSection
EndGlobal
